PODS:
  - Alamofire (5.9.1)
  - Flutter (1.0.0)
  - flutter_native_splash (2.4.3):
    - Flutter
  - flutter_naver_login (0.0.1):
    - Flutter
    - NidThirdPartyLogin (~> 5.0.0)
  - flutter_secure_storage (6.0.0):
    - Flutter
  - kakao_flutter_sdk_common (1.10.0):
    - Flutter
  - KakaoSDKAuth (2.22.7):
    - KakaoSDKCommon (= 2.22.7)
  - KakaoSDKCommon (2.22.7):
    - KakaoSDKCommon/Common (= 2.22.7)
    - KakaoSDKCommon/Network (= 2.22.7)
  - KakaoSDKCommon/Common (2.22.7)
  - KakaoSDKCommon/Network (2.22.7):
    - Alamofire (~> 5.9.0)
    - KakaoSDKCommon/Common (= 2.22.7)
  - KakaoSDKUser (2.22.7):
    - KakaoSDKAuth (= 2.22.7)
  - NidThirdPartyLogin (5.0.1)
  - path_provider_foundation (0.0.1):
    - Flutter
    - FlutterMacOS
  - shared_preferences_foundation (0.0.1):
    - Flutter
    - FlutterMacOS

DEPENDENCIES:
  - Flutter (from `Flutter`)
  - flutter_native_splash (from `.symlinks/plugins/flutter_native_splash/ios`)
  - flutter_naver_login (from `.symlinks/plugins/flutter_naver_login/ios`)
  - flutter_secure_storage (from `.symlinks/plugins/flutter_secure_storage/ios`)
  - kakao_flutter_sdk_common (from `.symlinks/plugins/kakao_flutter_sdk_common/ios`)
  - KakaoSDKAuth
  - KakaoSDKCommon
  - KakaoSDKUser
  - path_provider_foundation (from `.symlinks/plugins/path_provider_foundation/darwin`)
  - shared_preferences_foundation (from `.symlinks/plugins/shared_preferences_foundation/darwin`)

SPEC REPOS:
  trunk:
    - Alamofire
    - KakaoSDKAuth
    - KakaoSDKCommon
    - KakaoSDKUser
    - NidThirdPartyLogin

EXTERNAL SOURCES:
  Flutter:
    :path: Flutter
  flutter_native_splash:
    :path: ".symlinks/plugins/flutter_native_splash/ios"
  flutter_naver_login:
    :path: ".symlinks/plugins/flutter_naver_login/ios"
  flutter_secure_storage:
    :path: ".symlinks/plugins/flutter_secure_storage/ios"
  kakao_flutter_sdk_common:
    :path: ".symlinks/plugins/kakao_flutter_sdk_common/ios"
  path_provider_foundation:
    :path: ".symlinks/plugins/path_provider_foundation/darwin"
  shared_preferences_foundation:
    :path: ".symlinks/plugins/shared_preferences_foundation/darwin"

SPEC CHECKSUMS:
  Alamofire: f36a35757af4587d8e4f4bfa223ad10be2422b8c
  Flutter: cabc95a1d2626b1b06e7179b784ebcf0c0cde467
  flutter_native_splash: c32d145d68aeda5502d5f543ee38c192065986cf
  flutter_naver_login: 965ca284c1a64f0185dfaf9dfd1b8f69f34e6c11
  flutter_secure_storage: 1ed9476fba7e7a782b22888f956cce43e2c62f13
  kakao_flutter_sdk_common: 682b3606698f87467788598dc2dc09d4e6867fbd
  KakaoSDKAuth: 45204252ff7c379c0f86c5573f97ec36885afca0
  KakaoSDKCommon: 132164a6bac8bcd3a4346d3bf777f34f8f39fdca
  KakaoSDKUser: 4c9cf1da78710d19d0b2c2dd32d1a44c544cdfa4
  NidThirdPartyLogin: ed291a543cc60a433bcad522b6bf7d3126ad4fdc
  path_provider_foundation: bb55f6dbba17d0dccd6737fe6f7f34fbd0376880
  shared_preferences_foundation: 7036424c3d8ec98dfe75ff1667cb0cd531ec82bb

PODFILE CHECKSUM: 428eaa74de37cff5f59aeb840364a913f6eea359

COCOAPODS: 1.16.2
